// !$*UTF8*$!
{
	archiveVersion = 1;
	classes = {
	};
	objectVersion = 55;
	objects = {

/* Begin PBXBuildFile section */
		6DB7AC7A2808C9E100C2C0B2 /* FitUApp.swift in Sources */ = {isa = PBXBuildFile; fileRef = 6DB7AC792808C9E100C2C0B2 /* FitUApp.swift */; };
		6DB7AC7C2808C9E100C2C0B2 /* ContentView.swift in Sources */ = {isa = PBXBuildFile; fileRef = 6DB7AC7B2808C9E100C2C0B2 /* ContentView.swift */; };
		6DB7AC7E2808C9E500C2C0B2 /* Assets.xcassets in Resources */ = {isa = PBXBuildFile; fileRef = 6DB7AC7D2808C9E500C2C0B2 /* Assets.xcassets */; };
		6DB7AC812808C9E500C2C0B2 /* Preview Assets.xcassets in Resources */ = {isa = PBXBuildFile; fileRef = 6DB7AC802808C9E500C2C0B2 /* Preview Assets.xcassets */; };
		6DB7AC8B2808C9E600C2C0B2 /* FitUTests.swift in Sources */ = {isa = PBXBuildFile; fileRef = 6DB7AC8A2808C9E600C2C0B2 /* FitUTests.swift */; };
		6DB7AC952808C9E600C2C0B2 /* FitUUITests.swift in Sources */ = {isa = PBXBuildFile; fileRef = 6DB7AC942808C9E600C2C0B2 /* FitUUITests.swift */; };
		6DB7AC972808C9E600C2C0B2 /* FitUUITestsLaunchTests.swift in Sources */ = {isa = PBXBuildFile; fileRef = 6DB7AC962808C9E600C2C0B2 /* FitUUITestsLaunchTests.swift */; };
/* End PBXBuildFile section */

/* Begin PBXContainerItemProxy section */
		6DB7AC872808C9E600C2C0B2 /* PBXContainerItemProxy */ = {
			isa = PBXContainerItemProxy;
			containerPortal = 6DB7AC6E2808C9E100C2C0B2 /* Project object */;
			proxyType = 1;
			remoteGlobalIDString = 6DB7AC752808C9E100C2C0B2;
			remoteInfo = FitU;
		};
		6DB7AC912808C9E600C2C0B2 /* PBXContainerItemProxy */ = {
			isa = PBXContainerItemProxy;
			containerPortal = 6DB7AC6E2808C9E100C2C0B2 /* Project object */;
			proxyType = 1;
			remoteGlobalIDString = 6DB7AC752808C9E100C2C0B2;
			remoteInfo = FitU;
		};
/* End PBXContainerItemProxy section */

/* Begin PBXFileReference section */
		6DB7AC762808C9E100C2C0B2 /* FitU.app */ = {isa = PBXFileReference; explicitFileType = wrapper.application; includeInIndex = 0; path = FitU.app; sourceTree = BUILT_PRODUCTS_DIR; };
		6DB7AC792808C9E100C2C0B2 /* FitUApp.swift */ = {isa = PBXFileReference; lastKnownFileType = sourcecode.swift; path = FitUApp.swift; sourceTree = "<group>"; };
		6DB7AC7B2808C9E100C2C0B2 /* ContentView.swift */ = {isa = PBXFileReference; lastKnownFileType = sourcecode.swift; path = ContentView.swift; sourceTree = "<group>"; };
		6DB7AC7D2808C9E500C2C0B2 /* Assets.xcassets */ = {isa = PBXFileReference; lastKnownFileType = folder.assetcatalog; path = Assets.xcassets; sourceTree = "<group>"; };
		6DB7AC802808C9E500C2C0B2 /* Preview Assets.xcassets */ = {isa = PBXFileReference; lastKnownFileType = folder.assetcatalog; path = "Preview Assets.xcassets"; sourceTree = "<group>"; };
		6DB7AC862808C9E600C2C0B2 /* FitUTests.xctest */ = {isa = PBXFileReference; explicitFileType = wrapper.cfbundle; includeInIndex = 0; path = FitUTests.xctest; sourceTree = BUILT_PRODUCTS_DIR; };
		6DB7AC8A2808C9E600C2C0B2 /* FitUTests.swift */ = {isa = PBXFileReference; lastKnownFileType = sourcecode.swift; path = FitUTests.swift; sourceTree = "<group>"; };
		6DB7AC902808C9E600C2C0B2 /* FitUUITests.xctest */ = {isa = PBXFileReference; explicitFileType = wrapper.cfbundle; includeInIndex = 0; path = FitUUITests.xctest; sourceTree = BUILT_PRODUCTS_DIR; };
		6DB7AC942808C9E600C2C0B2 /* FitUUITests.swift */ = {isa = PBXFileReference; lastKnownFileType = sourcecode.swift; path = FitUUITests.swift; sourceTree = "<group>"; };
		6DB7AC962808C9E600C2C0B2 /* FitUUITestsLaunchTests.swift */ = {isa = PBXFileReference; lastKnownFileType = sourcecode.swift; path = FitUUITestsLaunchTests.swift; sourceTree = "<group>"; };
/* End PBXFileReference section */

/* Begin PBXFrameworksBuildPhase section */
		6DB7AC732808C9E100C2C0B2 /* Frameworks */ = {
			isa = PBXFrameworksBuildPhase;
			buildActionMask = 2147483647;
			files = (
			);
			runOnlyForDeploymentPostprocessing = 0;
		};
		6DB7AC832808C9E600C2C0B2 /* Frameworks */ = {
			isa = PBXFrameworksBuildPhase;
			buildActionMask = 2147483647;
			files = (
			);
			runOnlyForDeploymentPostprocessing = 0;
		};
		6DB7AC8D2808C9E600C2C0B2 /* Frameworks */ = {
			isa = PBXFrameworksBuildPhase;
			buildActionMask = 2147483647;
			files = (
			);
			runOnlyForDeploymentPostprocessing = 0;
		};
/* End PBXFrameworksBuildPhase section */

/* Begin PBXGroup section */
		6DB7AC6D2808C9E100C2C0B2 = {
			isa = PBXGroup;
			children = (
				6DB7AC782808C9E100C2C0B2 /* FitU */,
				6DB7AC892808C9E600C2C0B2 /* FitUTests */,
				6DB7AC932808C9E600C2C0B2 /* FitUUITests */,
				6DB7AC772808C9E100C2C0B2 /* Products */,
			);
			sourceTree = "<group>";
		};
		6DB7AC772808C9E100C2C0B2 /* Products */ = {
			isa = PBXGroup;
			children = (
				6DB7AC762808C9E100C2C0B2 /* FitU.app */,
				6DB7AC862808C9E600C2C0B2 /* FitUTests.xctest */,
				6DB7AC902808C9E600C2C0B2 /* FitUUITests.xctest */,
			);
			name = Products;
			sourceTree = "<group>";
		};
		6DB7AC782808C9E100C2C0B2 /* FitU */ = {
			isa = PBXGroup;
			children = (
				6DB7AC792808C9E100C2C0B2 /* FitUApp.swift */,
				6DB7AC7B2808C9E100C2C0B2 /* ContentView.swift */,
				6DB7AC7D2808C9E500C2C0B2 /* Assets.xcassets */,
				6DB7AC7F2808C9E500C2C0B2 /* Preview Content */,
			);
			path = FitU;
			sourceTree = "<group>";
		};
		6DB7AC7F2808C9E500C2C0B2 /* Preview Content */ = {
			isa = PBXGroup;
			children = (
				6DB7AC802808C9E500C2C0B2 /* Preview Assets.xcassets */,
			);
			path = "Preview Content";
			sourceTree = "<group>";
		};
		6DB7AC892808C9E600C2C0B2 /* FitUTests */ = {
			isa = PBXGroup;
			children = (
				6DB7AC8A2808C9E600C2C0B2 /* FitUTests.swift */,
			);
			path = FitUTests;
			sourceTree = "<group>";
		};
		6DB7AC932808C9E600C2C0B2 /* FitUUITests */ = {
			isa = PBXGroup;
			children = (
				6DB7AC942808C9E600C2C0B2 /* FitUUITests.swift */,
				6DB7AC962808C9E600C2C0B2 /* FitUUITestsLaunchTests.swift */,
			);
			path = FitUUITests;
			sourceTree = "<group>";
		};
/* End PBXGroup section */

/* Begin PBXNativeTarget section */
		6DB7AC752808C9E100C2C0B2 /* FitU */ = {
			isa = PBXNativeTarget;
			buildConfigurationList = 6DB7AC9A2808C9E600C2C0B2 /* Build configuration list for PBXNativeTarget "FitU" */;
			buildPhases = (
				6DB7AC722808C9E100C2C0B2 /* Sources */,
				6DB7AC732808C9E100C2C0B2 /* Frameworks */,
				6DB7AC742808C9E100C2C0B2 /* Resources */,
			);
			buildRules = (
			);
			dependencies = (
			);
			name = FitU;
			productName = FitU;
			productReference = 6DB7AC762808C9E100C2C0B2 /* FitU.app */;
			productType = "com.apple.product-type.application";
		};
		6DB7AC852808C9E600C2C0B2 /* FitUTests */ = {
			isa = PBXNativeTarget;
			buildConfigurationList = 6DB7AC9D2808C9E600C2C0B2 /* Build configuration list for PBXNativeTarget "FitUTests" */;
			buildPhases = (
				6DB7AC822808C9E600C2C0B2 /* Sources */,
				6DB7AC832808C9E600C2C0B2 /* Frameworks */,
				6DB7AC842808C9E600C2C0B2 /* Resources */,
			);
			buildRules = (
			);
			dependencies = (
				6DB7AC882808C9E600C2C0B2 /* PBXTargetDependency */,
			);
			name = FitUTests;
			productName = FitUTests;
			productReference = 6DB7AC862808C9E600C2C0B2 /* FitUTests.xctest */;
			productType = "com.apple.product-type.bundle.unit-test";
		};
		6DB7AC8F2808C9E600C2C0B2 /* FitUUITests */ = {
			isa = PBXNativeTarget;
			buildConfigurationList = 6DB7ACA02808C9E600C2C0B2 /* Build configuration list for PBXNativeTarget "FitUUITests" */;
			buildPhases = (
				6DB7AC8C2808C9E600C2C0B2 /* Sources */,
				6DB7AC8D2808C9E600C2C0B2 /* Frameworks */,
				6DB7AC8E2808C9E600C2C0B2 /* Resources */,
			);
			buildRules = (
			);
			dependencies = (
				6DB7AC922808C9E600C2C0B2 /* PBXTargetDependency */,
			);
			name = FitUUITests;
			productName = FitUUITests;
			productReference = 6DB7AC902808C9E600C2C0B2 /* FitUUITests.xctest */;
			productType = "com.apple.product-type.bundle.ui-testing";
		};
/* End PBXNativeTarget section */

/* Begin PBXProject section */
		6DB7AC6E2808C9E100C2C0B2 /* Project object */ = {
			isa = PBXProject;
			attributes = {
				BuildIndependentTargetsInParallel = 1;
				LastSwiftUpdateCheck = 1320;
				LastUpgradeCheck = 1320;
				TargetAttributes = {
					6DB7AC752808C9E100C2C0B2 = {
						CreatedOnToolsVersion = 13.2.1;
					};
					6DB7AC852808C9E600C2C0B2 = {
						CreatedOnToolsVersion = 13.2.1;
						TestTargetID = 6DB7AC752808C9E100C2C0B2;
					};
					6DB7AC8F2808C9E600C2C0B2 = {
						CreatedOnToolsVersion = 13.2.1;
						TestTargetID = 6DB7AC752808C9E100C2C0B2;
					};
				};
			};
			buildConfigurationList = 6DB7AC712808C9E100C2C0B2 /* Build configuration list for PBXProject "FitU" */;
			compatibilityVersion = "Xcode 13.0";
			developmentRegion = en;
			hasScannedForEncodings = 0;
			knownRegions = (
				en,
				Base,
			);
			mainGroup = 6DB7AC6D2808C9E100C2C0B2;
			productRefGroup = 6DB7AC772808C9E100C2C0B2 /* Products */;
			projectDirPath = "";
			projectRoot = "";
			targets = (
				6DB7AC752808C9E100C2C0B2 /* FitU */,
				6DB7AC852808C9E600C2C0B2 /* FitUTests */,
				6DB7AC8F2808C9E600C2C0B2 /* FitUUITests */,
			);
		};
/* End PBXProject section */

/* Begin PBXResourcesBuildPhase section */
		6DB7AC742808C9E100C2C0B2 /* Resources */ = {
			isa = PBXResourcesBuildPhase;
			buildActionMask = 2147483647;
			files = (
				6DB7AC812808C9E500C2C0B2 /* Preview Assets.xcassets in Resources */,
				6DB7AC7E2808C9E500C2C0B2 /* Assets.xcassets in Resources */,
			);
			runOnlyForDeploymentPostprocessing = 0;
		};
		6DB7AC842808C9E600C2C0B2 /* Resources */ = {
			isa = PBXResourcesBuildPhase;
			buildActionMask = 2147483647;
			files = (
			);
			runOnlyForDeploymentPostprocessing = 0;
		};
		6DB7AC8E2808C9E600C2C0B2 /* Resources */ = {
			isa = PBXResourcesBuildPhase;
			buildActionMask = 2147483647;
			files = (
			);
			runOnlyForDeploymentPostprocessing = 0;
		};
/* End PBXResourcesBuildPhase section */

/* Begin PBXSourcesBuildPhase section */
		6DB7AC722808C9E100C2C0B2 /* Sources */ = {
			isa = PBXSourcesBuildPhase;
			buildActionMask = 2147483647;
			files = (
				6DB7AC7C2808C9E100C2C0B2 /* ContentView.swift in Sources */,
				6DB7AC7A2808C9E100C2C0B2 /* FitUApp.swift in Sources */,
			);
			runOnlyForDeploymentPostprocessing = 0;
		};
		6DB7AC822808C9E600C2C0B2 /* Sources */ = {
			isa = PBXSourcesBuildPhase;
			buildActionMask = 2147483647;
			files = (
				6DB7AC8B2808C9E600C2C0B2 /* FitUTests.swift in Sources */,
			);
			runOnlyForDeploymentPostprocessing = 0;
		};
		6DB7AC8C2808C9E600C2C0B2 /* Sources */ = {
			isa = PBXSourcesBuildPhase;
			buildActionMask = 2147483647;
			files = (
				6DB7AC972808C9E600C2C0B2 /* FitUUITestsLaunchTests.swift in Sources */,
				6DB7AC952808C9E600C2C0B2 /* FitUUITests.swift in Sources */,
			);
			runOnlyForDeploymentPostprocessing = 0;
		};
/* End PBXSourcesBuildPhase section */

/* Begin PBXTargetDependency section */
		6DB7AC882808C9E600C2C0B2 /* PBXTargetDependency */ = {
			isa = PBXTargetDependency;
			target = 6DB7AC752808C9E100C2C0B2 /* FitU */;
			targetProxy = 6DB7AC872808C9E600C2C0B2 /* PBXContainerItemProxy */;
		};
		6DB7AC922808C9E600C2C0B2 /* PBXTargetDependency */ = {
			isa = PBXTargetDependency;
			target = 6DB7AC752808C9E100C2C0B2 /* FitU */;
			targetProxy = 6DB7AC912808C9E600C2C0B2 /* PBXContainerItemProxy */;
		};
/* End PBXTargetDependency section */

/* Begin XCBuildConfiguration section */
		6DB7AC982808C9E600C2C0B2 /* Debug */ = {
			isa = XCBuildConfiguration;
			buildSettings = {
				ALWAYS_SEARCH_USER_PATHS = NO;
				CLANG_ANALYZER_NONNULL = YES;
				CLANG_ANALYZER_NUMBER_OBJECT_CONVERSION = YES_AGGRESSIVE;
				CLANG_CXX_LANGUAGE_STANDARD = "gnu++17";
				CLANG_CXX_LIBRARY = "libc++";
				CLANG_ENABLE_MODULES = YES;
				CLANG_ENABLE_OBJC_ARC = YES;
				CLANG_ENABLE_OBJC_WEAK = YES;
				CLANG_WARN_BLOCK_CAPTURE_AUTORELEASING = YES;
				CLANG_WARN_BOOL_CONVERSION = YES;
				CLANG_WARN_COMMA = YES;
				CLANG_WARN_CONSTANT_CONVERSION = YES;
				CLANG_WARN_DEPRECATED_OBJC_IMPLEMENTATIONS = YES;
				CLANG_WARN_DIRECT_OBJC_ISA_USAGE = YES_ERROR;
				CLANG_WARN_DOCUMENTATION_COMMENTS = YES;
				CLANG_WARN_EMPTY_BODY = YES;
				CLANG_WARN_ENUM_CONVERSION = YES;
				CLANG_WARN_INFINITE_RECURSION = YES;
				CLANG_WARN_INT_CONVERSION = YES;
				CLANG_WARN_NON_LITERAL_NULL_CONVERSION = YES;
				CLANG_WARN_OBJC_IMPLICIT_RETAIN_SELF = YES;
				CLANG_WARN_OBJC_LITERAL_CONVERSION = YES;
				CLANG_WARN_OBJC_ROOT_CLASS = YES_ERROR;
				CLANG_WARN_QUOTED_INCLUDE_IN_FRAMEWORK_HEADER = YES;
				CLANG_WARN_RANGE_LOOP_ANALYSIS = YES;
				CLANG_WARN_STRICT_PROTOTYPES = YES;
				CLANG_WARN_SUSPICIOUS_MOVE = YES;
				CLANG_WARN_UNGUARDED_AVAILABILITY = YES_AGGRESSIVE;
				CLANG_WARN_UNREACHABLE_CODE = YES;
				CLANG_WARN__DUPLICATE_METHOD_MATCH = YES;
				COPY_PHASE_STRIP = NO;
				DEBUG_INFORMATION_FORMAT = dwarf;
				ENABLE_STRICT_OBJC_MSGSEND = YES;
				ENABLE_TESTABILITY = YES;
				GCC_C_LANGUAGE_STANDARD = gnu11;
				GCC_DYNAMIC_NO_PIC = NO;
				GCC_NO_COMMON_BLOCKS = YES;
				GCC_OPTIMIZATION_LEVEL = 0;
				GCC_PREPROCESSOR_DEFINITIONS = (
					"DEBUG=1",
					"$(inherited)",
				);
				GCC_WARN_64_TO_32_BIT_CONVERSION = YES;
				GCC_WARN_ABOUT_RETURN_TYPE = YES_ERROR;
				GCC_WARN_UNDECLARED_SELECTOR = YES;
				GCC_WARN_UNINITIALIZED_AUTOS = YES_AGGRESSIVE;
				GCC_WARN_UNUSED_FUNCTION = YES;
				GCC_WARN_UNUSED_VARIABLE = YES;
				IPHONEOS_DEPLOYMENT_TARGET = 15.2;
				MTL_ENABLE_DEBUG_INFO = INCLUDE_SOURCE;
				MTL_FAST_MATH = YES;
				ONLY_ACTIVE_ARCH = YES;
				SDKROOT = iphoneos;
				SWIFT_ACTIVE_COMPILATION_CONDITIONS = DEBUG;
				SWIFT_OPTIMIZATION_LEVEL = "-Onone";
			};
			name = Debug;
		};
		6DB7AC992808C9E600C2C0B2 /* Release */ = {
			isa = XCBuildConfiguration;
			buildSettings = {
				ALWAYS_SEARCH_USER_PATHS = NO;
				CLANG_ANALYZER_NONNULL = YES;
				CLANG_ANALYZER_NUMBER_OBJECT_CONVERSION = YES_AGGRESSIVE;
				CLANG_CXX_LANGUAGE_STANDARD = "gnu++17";
				CLANG_CXX_LIBRARY = "libc++";
				CLANG_ENABLE_MODULES = YES;
				CLANG_ENABLE_OBJC_ARC = YES;
				CLANG_ENABLE_OBJC_WEAK = YES;
				CLANG_WARN_BLOCK_CAPTURE_AUTORELEASING = YES;
				CLANG_WARN_BOOL_CONVERSION = YES;
				CLANG_WARN_COMMA = YES;
				CLANG_WARN_CONSTANT_CONVERSION = YES;
				CLANG_WARN_DEPRECATED_OBJC_IMPLEMENTATIONS = YES;
				CLANG_WARN_DIRECT_OBJC_ISA_USAGE = YES_ERROR;
				CLANG_WARN_DOCUMENTATION_COMMENTS = YES;
				CLANG_WARN_EMPTY_BODY = YES;
				CLANG_WARN_ENUM_CONVERSION = YES;
				CLANG_WARN_INFINITE_RECURSION = YES;
				CLANG_WARN_INT_CONVERSION = YES;
				CLANG_WARN_NON_LITERAL_NULL_CONVERSION = YES;
				CLANG_WARN_OBJC_IMPLICIT_RETAIN_SELF = YES;
				CLANG_WARN_OBJC_LITERAL_CONVERSION = YES;
				CLANG_WARN_OBJC_ROOT_CLASS = YES_ERROR;
				CLANG_WARN_QUOTED_INCLUDE_IN_FRAMEWORK_HEADER = YES;
				CLANG_WARN_RANGE_LOOP_ANALYSIS = YES;
				CLANG_WARN_STRICT_PROTOTYPES = YES;
				CLANG_WARN_SUSPICIOUS_MOVE = YES;
				CLANG_WARN_UNGUARDED_AVAILABILITY = YES_AGGRESSIVE;
				CLANG_WARN_UNREACHABLE_CODE = YES;
				CLANG_WARN__DUPLICATE_METHOD_MATCH = YES;
				COPY_PHASE_STRIP = NO;
				DEBUG_INFORMATION_FORMAT = "dwarf-with-dsym";
				ENABLE_NS_ASSERTIONS = NO;
				ENABLE_STRICT_OBJC_MSGSEND = YES;
				GCC_C_LANGUAGE_STANDARD = gnu11;
				GCC_NO_COMMON_BLOCKS = YES;
				GCC_WARN_64_TO_32_BIT_CONVERSION = YES;
				GCC_WARN_ABOUT_RETURN_TYPE = YES_ERROR;
				GCC_WARN_UNDECLARED_SELECTOR = YES;
				GCC_WARN_UNINITIALIZED_AUTOS = YES_AGGRESSIVE;
				GCC_WARN_UNUSED_FUNCTION = YES;
				GCC_WARN_UNUSED_VARIABLE = YES;
				IPHONEOS_DEPLOYMENT_TARGET = 15.2;
				MTL_ENABLE_DEBUG_INFO = NO;
				MTL_FAST_MATH = YES;
				SDKROOT = iphoneos;
				SWIFT_COMPILATION_MODE = wholemodule;
				SWIFT_OPTIMIZATION_LEVEL = "-O";
				VALIDATE_PRODUCT = YES;
			};
			name = Release;
		};
		6DB7AC9B2808C9E600C2C0B2 /* Debug */ = {
			isa = XCBuildConfiguration;
			buildSettings = {
				ASSETCATALOG_COMPILER_APPICON_NAME = AppIcon;
				ASSETCATALOG_COMPILER_GLOBAL_ACCENT_COLOR_NAME = AccentColor;
				CODE_SIGN_STYLE = Automatic;
				CURRENT_PROJECT_VERSION = 1;
				DEVELOPMENT_ASSET_PATHS = "\"FitU/Preview Content\"";
				ENABLE_PREVIEWS = YES;
				GENERATE_INFOPLIST_FILE = YES;
				INFOPLIST_KEY_UIApplicationSceneManifest_Generation = YES;
				INFOPLIST_KEY_UIApplicationSupportsIndirectInputEvents = YES;
				INFOPLIST_KEY_UILaunchScreen_Generation = YES;
				INFOPLIST_KEY_UISupportedInterfaceOrientations_iPad = "UIInterfaceOrientationPortrait UIInterfaceOrientationPortraitUpsideDown UIInterfaceOrientationLandscapeLeft UIInterfaceOrientationLandscapeRight";
				INFOPLIST_KEY_UISupportedInterfaceOrientations_iPhone = "UIInterfaceOrientationPortrait UIInterfaceOrientationLandscapeLeft UIInterfaceOrientationLandscapeRight";
				LD_RUNPATH_SEARCH_PATHS = (
					"$(inherited)",
					"@executable_path/Frameworks",
				);
				MARKETING_VERSION = 1.0;
				PRODUCT_BUNDLE_IDENTIFIER = edu.gvsu.cis.FitU;
				PRODUCT_NAME = "$(TARGET_NAME)";
				SWIFT_EMIT_LOC_STRINGS = YES;
				SWIFT_VERSION = 5.0;
				TARGETED_DEVICE_FAMILY = "1,2";
			};
			name = Debug;
		};
		6DB7AC9C2808C9E600C2C0B2 /* Release */ = {
			isa = XCBuildConfiguration;
			buildSettings = {
				ASSETCATALOG_COMPILER_APPICON_NAME = AppIcon;
				ASSETCATALOG_COMPILER_GLOBAL_ACCENT_COLOR_NAME = AccentColor;
				CODE_SIGN_STYLE = Automatic;
				CURRENT_PROJECT_VERSION = 1;
				DEVELOPMENT_ASSET_PATHS = "\"FitU/Preview Content\"";
				ENABLE_PREVIEWS = YES;
				GENERATE_INFOPLIST_FILE = YES;
				INFOPLIST_KEY_UIApplicationSceneManifest_Generation = YES;
				INFOPLIST_KEY_UIApplicationSupportsIndirectInputEvents = YES;
				INFOPLIST_KEY_UILaunchScreen_Generation = YES;
				INFOPLIST_KEY_UISupportedInterfaceOrientations_iPad = "UIInterfaceOrientationPortrait UIInterfaceOrientationPortraitUpsideDown UIInterfaceOrientationLandscapeLeft UIInterfaceOrientationLandscapeRight";
				INFOPLIST_KEY_UISupportedInterfaceOrientations_iPhone = "UIInterfaceOrientationPortrait UIInterfaceOrientationLandscapeLeft UIInterfaceOrientationLandscapeRight";
				LD_RUNPATH_SEARCH_PATHS = (
					"$(inherited)",
					"@executable_path/Frameworks",
				);
				MARKETING_VERSION = 1.0;
				PRODUCT_BUNDLE_IDENTIFIER = edu.gvsu.cis.FitU;
				PRODUCT_NAME = "$(TARGET_NAME)";
				SWIFT_EMIT_LOC_STRINGS = YES;
				SWIFT_VERSION = 5.0;
				TARGETED_DEVICE_FAMILY = "1,2";
			};
			name = Release;
		};
		6DB7AC9E2808C9E600C2C0B2 /* Debug */ = {
			isa = XCBuildConfiguration;
			buildSettings = {
				ALWAYS_EMBED_SWIFT_STANDARD_LIBRARIES = YES;
				BUNDLE_LOADER = "$(TEST_HOST)";
				CODE_SIGN_STYLE = Automatic;
				CURRENT_PROJECT_VERSION = 1;
				GENERATE_INFOPLIST_FILE = YES;
				IPHONEOS_DEPLOYMENT_TARGET = 15.2;
				MARKETING_VERSION = 1.0;
				PRODUCT_BUNDLE_IDENTIFIER = edu.gvsu.cis.FitUTests;
				PRODUCT_NAME = "$(TARGET_NAME)";
				SWIFT_EMIT_LOC_STRINGS = NO;
				SWIFT_VERSION = 5.0;
				TARGETED_DEVICE_FAMILY = "1,2";
				TEST_HOST = "$(BUILT_PRODUCTS_DIR)/FitU.app/FitU";
			};
			name = Debug;
		};
		6DB7AC9F2808C9E600C2C0B2 /* Release */ = {
			isa = XCBuildConfiguration;
			buildSettings = {
				ALWAYS_EMBED_SWIFT_STANDARD_LIBRARIES = YES;
				BUNDLE_LOADER = "$(TEST_HOST)";
				CODE_SIGN_STYLE = Automatic;
				CURRENT_PROJECT_VERSION = 1;
				GENERATE_INFOPLIST_FILE = YES;
				IPHONEOS_DEPLOYMENT_TARGET = 15.2;
				MARKETING_VERSION = 1.0;
				PRODUCT_BUNDLE_IDENTIFIER = edu.gvsu.cis.FitUTests;
				PRODUCT_NAME = "$(TARGET_NAME)";
				SWIFT_EMIT_LOC_STRINGS = NO;
				SWIFT_VERSION = 5.0;
				TARGETED_DEVICE_FAMILY = "1,2";
				TEST_HOST = "$(BUILT_PRODUCTS_DIR)/FitU.app/FitU";
			};
			name = Release;
		};
		6DB7ACA12808C9E600C2C0B2 /* Debug */ = {
			isa = XCBuildConfiguration;
			buildSettings = {
				ALWAYS_EMBED_SWIFT_STANDARD_LIBRARIES = YES;
				CODE_SIGN_STYLE = Automatic;
				CURRENT_PROJECT_VERSION = 1;
				GENERATE_INFOPLIST_FILE = YES;
				MARKETING_VERSION = 1.0;
				PRODUCT_BUNDLE_IDENTIFIER = edu.gvsu.cis.FitUUITests;
				PRODUCT_NAME = "$(TARGET_NAME)";
				SWIFT_EMIT_LOC_STRINGS = NO;
				SWIFT_VERSION = 5.0;
				TARGETED_DEVICE_FAMILY = "1,2";
				TEST_TARGET_NAME = FitU;
			};
			name = Debug;
		};
		6DB7ACA22808C9E600C2C0B2 /* Release */ = {
			isa = XCBuildConfiguration;
			buildSettings = {
				ALWAYS_EMBED_SWIFT_STANDARD_LIBRARIES = YES;
				CODE_SIGN_STYLE = Automatic;
				CURRENT_PROJECT_VERSION = 1;
				GENERATE_INFOPLIST_FILE = YES;
				MARKETING_VERSION = 1.0;
				PRODUCT_BUNDLE_IDENTIFIER = edu.gvsu.cis.FitUUITests;
				PRODUCT_NAME = "$(TARGET_NAME)";
				SWIFT_EMIT_LOC_STRINGS = NO;
				SWIFT_VERSION = 5.0;
				TARGETED_DEVICE_FAMILY = "1,2";
				TEST_TARGET_NAME = FitU;
			};
			name = Release;
		};
/* End XCBuildConfiguration section */

/* Begin XCConfigurationList section */
		6DB7AC712808C9E100C2C0B2 /* Build configuration list for PBXProject "FitU" */ = {
			isa = XCConfigurationList;
			buildConfigurations = (
				6DB7AC982808C9E600C2C0B2 /* Debug */,
				6DB7AC992808C9E600C2C0B2 /* Release */,
			);
			defaultConfigurationIsVisible = 0;
			defaultConfigurationName = Release;
		};
		6DB7AC9A2808C9E600C2C0B2 /* Build configuration list for PBXNativeTarget "FitU" */ = {
			isa = XCConfigurationList;
			buildConfigurations = (
				6DB7AC9B2808C9E600C2C0B2 /* Debug */,
				6DB7AC9C2808C9E600C2C0B2 /* Release */,
			);
			defaultConfigurationIsVisible = 0;
			defaultConfigurationName = Release;
		};
		6DB7AC9D2808C9E600C2C0B2 /* Build configuration list for PBXNativeTarget "FitUTests" */ = {
			isa = XCConfigurationList;
			buildConfigurations = (
				6DB7AC9E2808C9E600C2C0B2 /* Debug */,
				6DB7AC9F2808C9E600C2C0B2 /* Release */,
			);
			defaultConfigurationIsVisible = 0;
			defaultConfigurationName = Release;
		};
		6DB7ACA02808C9E600C2C0B2 /* Build configuration list for PBXNativeTarget "FitUUITests" */ = {
			isa = XCConfigurationList;
			buildConfigurations = (
				6DB7ACA12808C9E600C2C0B2 /* Debug */,
				6DB7ACA22808C9E600C2C0B2 /* Release */,
			);
			defaultConfigurationIsVisible = 0;
			defaultConfigurationName = Release;
		};
/* End XCConfigurationList section */
	};
	rootObject = 6DB7AC6E2808C9E100C2C0B2 /* Project object */;
}
